
Microsoft Visual Studio Solution File, Format Version 12.00
# Visual Studio 2012
Project("{FAE04EC0-301F-11D3-BF4B-00C04F79EFBC}") = "SunExposureApp2", "SunExposureApp2\SunExposureApp2.csproj", "{DF76B0CD-BCD0-4999-80C7-029B512409E9}"
EndProject
Project("{FAE04EC0-301F-11D3-BF4B-00C04F79EFBC}") = "SunExposureApp2.UITests", "SunExposureApp2.UITests\SunExposureApp2.UITests.csproj", "{64823C19-2278-46FD-872B-45D0410BDBB7}"
EndProject
Global
	GlobalSection(SolutionConfigurationPlatforms) = preSolution
		Debug|Any CPU = Debug|Any CPU
		Release|Any CPU = Release|Any CPU
	EndGlobalSection
	GlobalSection(ProjectConfigurationPlatforms) = postSolution
		{64823C19-2278-46FD-872B-45D0410BDBB7}.Debug|Any CPU.ActiveCfg = Debug|Any CPU
		{64823C19-2278-46FD-872B-45D0410BDBB7}.Debug|Any CPU.Build.0 = Debug|Any CPU
		{64823C19-2278-46FD-872B-45D0410BDBB7}.Release|Any CPU.ActiveCfg = Release|Any CPU
		{64823C19-2278-46FD-872B-45D0410BDBB7}.Release|Any CPU.Build.0 = Release|Any CPU
		{DF76B0CD-BCD0-4999-80C7-029B512409E9}.Debug|Any CPU.ActiveCfg = Debug|Any CPU
		{DF76B0CD-BCD0-4999-80C7-029B512409E9}.Debug|Any CPU.Build.0 = Debug|Any CPU
		{DF76B0CD-BCD0-4999-80C7-029B512409E9}.Release|Any CPU.ActiveCfg = Release|Any CPU
		{DF76B0CD-BCD0-4999-80C7-029B512409E9}.Release|Any CPU.Build.0 = Release|Any CPU
	EndGlobalSection
EndGlobal
